
Microsoft Visual Studio Solution File, Format Version 12.00
# Visual Studio 15
VisualStudioVersion = 15.0.27004.2010
MinimumVisualStudioVersion = 10.0.40219.1
Project("{FAE04EC0-301F-11D3-BF4B-00C04F79EFBC}") = "DemoAPI", "DemoAPI\DemoAPI.csproj", "{692989C8-E9B8-4F00-A227-550BC148B047}"
EndProject
Global
	GlobalSection(SolutionConfigurationPlatforms) = preSolution
		Debug|Any CPU = Debug|Any CPU
		Release|Any CPU = Release|Any CPU
	EndGlobalSection
	GlobalSection(ProjectConfigurationPlatforms) = postSolution
		{692989C8-E9B8-4F00-A227-550BC148B047}.Debug|Any CPU.ActiveCfg = Debug|Any CPU
		{692989C8-E9B8-4F00-A227-550BC148B047}.Debug|Any CPU.Build.0 = Debug|Any CPU
		{692989C8-E9B8-4F00-A227-550BC148B047}.Release|Any CPU.ActiveCfg = Release|Any CPU
		{692989C8-E9B8-4F00-A227-550BC148B047}.Release|Any CPU.Build.0 = Release|Any CPU
	EndGlobalSection
	GlobalSection(SolutionProperties) = preSolution
		HideSolutionNode = FALSE
	EndGlobalSection
	GlobalSection(ExtensibilityGlobals) = postSolution
		SolutionGuid = {E0EB9944-D39B-44F0-B172-FAE634652DA2}
	EndGlobalSection
EndGlobal
